
Microsoft Visual Studio Solution File, Format Version 12.00
# Visual Studio Version 17
VisualStudioVersion = 17.10.34928.147
MinimumVisualStudioVersion = 10.0.40219.1
Project("{FAE04EC0-301F-11D3-BF4B-00C04F79EFBC}") = "webBinh", "webBinh\webBinh.csproj", "{3726FE7F-2F2A-4D60-A6E7-FFEBC8685ADE}"
EndProject
Global
	GlobalSection(SolutionConfigurationPlatforms) = preSolution
		Debug|Any CPU = Debug|Any CPU
		Release|Any CPU = Release|Any CPU
	EndGlobalSection
	GlobalSection(ProjectConfigurationPlatforms) = postSolution
		{3726FE7F-2F2A-4D60-A6E7-FFEBC8685ADE}.Debug|Any CPU.ActiveCfg = Debug|Any CPU
		{3726FE7F-2F2A-4D60-A6E7-FFEBC8685ADE}.Debug|Any CPU.Build.0 = Debug|Any CPU
		{3726FE7F-2F2A-4D60-A6E7-FFEBC8685ADE}.Release|Any CPU.ActiveCfg = Release|Any CPU
		{3726FE7F-2F2A-4D60-A6E7-FFEBC8685ADE}.Release|Any CPU.Build.0 = Release|Any CPU
	EndGlobalSection
	GlobalSection(SolutionProperties) = preSolution
		HideSolutionNode = FALSE
	EndGlobalSection
	GlobalSection(ExtensibilityGlobals) = postSolution
		SolutionGuid = {F7AA44E1-B09C-4154-A155-25F2232E4861}
	EndGlobalSection
EndGlobal
